
Microsoft Visual Studio Solution File, Format Version 12.00
# Visual Studio Version 17
VisualStudioVersion = 17.6.33723.286
MinimumVisualStudioVersion = 10.0.40219.1
Project("{FAE04EC0-301F-11D3-BF4B-00C04F79EFBC}") = "Persona", "Persona\Persona.csproj", "{D452A8FD-1D2E-424A-A96A-2A59A931551F}"
EndProject
Global
	GlobalSection(SolutionConfigurationPlatforms) = preSolution
		Debug|Any CPU = Debug|Any CPU
		Release|Any CPU = Release|Any CPU
	EndGlobalSection
	GlobalSection(ProjectConfigurationPlatforms) = postSolution
		{D452A8FD-1D2E-424A-A96A-2A59A931551F}.Debug|Any CPU.ActiveCfg = Debug|Any CPU
		{D452A8FD-1D2E-424A-A96A-2A59A931551F}.Debug|Any CPU.Build.0 = Debug|Any CPU
		{D452A8FD-1D2E-424A-A96A-2A59A931551F}.Release|Any CPU.ActiveCfg = Release|Any CPU
		{D452A8FD-1D2E-424A-A96A-2A59A931551F}.Release|Any CPU.Build.0 = Release|Any CPU
	EndGlobalSection
	GlobalSection(SolutionProperties) = preSolution
		HideSolutionNode = FALSE
	EndGlobalSection
	GlobalSection(ExtensibilityGlobals) = postSolution
		SolutionGuid = {78916644-6813-4538-9416-874E389542DE}
	EndGlobalSection
EndGlobal
